
Microsoft Visual Studio Solution File, Format Version 12.00
# Visual Studio 15
VisualStudioVersion = 15.0.27004.2008
MinimumVisualStudioVersion = 10.0.40219.1
Project("{FAE04EC0-301F-11D3-BF4B-00C04F79EFBC}") = "BD4", "BD4\BD4.csproj", "{99B42102-386F-4370-96AB-4C5DE6572E61}"
EndProject
Project("{FAE04EC0-301F-11D3-BF4B-00C04F79EFBC}") = "CafeLibrary", "CafeLibrary\CafeLibrary.csproj", "{AFEA96F4-3E7A-49A5-B64B-E3BF3A67C1A1}"
EndProject
Global
	GlobalSection(SolutionConfigurationPlatforms) = preSolution
		Debug|Any CPU = Debug|Any CPU
		Release|Any CPU = Release|Any CPU
	EndGlobalSection
	GlobalSection(ProjectConfigurationPlatforms) = postSolution
		{99B42102-386F-4370-96AB-4C5DE6572E61}.Debug|Any CPU.ActiveCfg = Debug|Any CPU
		{99B42102-386F-4370-96AB-4C5DE6572E61}.Debug|Any CPU.Build.0 = Debug|Any CPU
		{99B42102-386F-4370-96AB-4C5DE6572E61}.Release|Any CPU.ActiveCfg = Release|Any CPU
		{99B42102-386F-4370-96AB-4C5DE6572E61}.Release|Any CPU.Build.0 = Release|Any CPU
		{AFEA96F4-3E7A-49A5-B64B-E3BF3A67C1A1}.Debug|Any CPU.ActiveCfg = Debug|Any CPU
		{AFEA96F4-3E7A-49A5-B64B-E3BF3A67C1A1}.Debug|Any CPU.Build.0 = Debug|Any CPU
		{AFEA96F4-3E7A-49A5-B64B-E3BF3A67C1A1}.Release|Any CPU.ActiveCfg = Release|Any CPU
		{AFEA96F4-3E7A-49A5-B64B-E3BF3A67C1A1}.Release|Any CPU.Build.0 = Release|Any CPU
	EndGlobalSection
	GlobalSection(SolutionProperties) = preSolution
		HideSolutionNode = FALSE
	EndGlobalSection
	GlobalSection(ExtensibilityGlobals) = postSolution
		SolutionGuid = {B295D765-7E5B-4F6A-9D6B-732DF9FC67B7}
	EndGlobalSection
EndGlobal
